
Microsoft Visual Studio Solution File, Format Version 12.00
# Visual Studio Version 16
VisualStudioVersion = 16.0.28922.388
MinimumVisualStudioVersion = 10.0.40219.1
Project("{FAE04EC0-301F-11D3-BF4B-00C04F79EFBC}") = "Config_Thread", "Config_Thread\Config_Thread.csproj", "{4A1ECEBB-0720-4D9D-B8D5-4051B88C0BA7}"
EndProject
Global
	GlobalSection(SolutionConfigurationPlatforms) = preSolution
		Debug|Any CPU = Debug|Any CPU
		Release|Any CPU = Release|Any CPU
	EndGlobalSection
	GlobalSection(ProjectConfigurationPlatforms) = postSolution
		{4A1ECEBB-0720-4D9D-B8D5-4051B88C0BA7}.Debug|Any CPU.ActiveCfg = Debug|Any CPU
		{4A1ECEBB-0720-4D9D-B8D5-4051B88C0BA7}.Debug|Any CPU.Build.0 = Debug|Any CPU
		{4A1ECEBB-0720-4D9D-B8D5-4051B88C0BA7}.Release|Any CPU.ActiveCfg = Release|Any CPU
		{4A1ECEBB-0720-4D9D-B8D5-4051B88C0BA7}.Release|Any CPU.Build.0 = Release|Any CPU
	EndGlobalSection
	GlobalSection(SolutionProperties) = preSolution
		HideSolutionNode = FALSE
	EndGlobalSection
	GlobalSection(ExtensibilityGlobals) = postSolution
		SolutionGuid = {8A4FF20C-E9EA-4255-B43C-2B76D35A2A23}
	EndGlobalSection
EndGlobal
